
Microsoft Visual Studio Solution File, Format Version 12.00
# Visual Studio 2012
Project("{FAE04EC0-301F-11D3-BF4B-00C04F79EFBC}") = "ANTBridge", "ANTBridge\ANTBridge.csproj", "{DDA30FD0-E343-4EDB-9A31-59B2916EE5CA}"
EndProject
Global
	GlobalSection(SolutionConfigurationPlatforms) = preSolution
		Debug|Any CPU = Debug|Any CPU
		Release|Any CPU = Release|Any CPU
	EndGlobalSection
	GlobalSection(ProjectConfigurationPlatforms) = postSolution
		{DDA30FD0-E343-4EDB-9A31-59B2916EE5CA}.Debug|Any CPU.ActiveCfg = Debug|Any CPU
		{DDA30FD0-E343-4EDB-9A31-59B2916EE5CA}.Debug|Any CPU.Build.0 = Debug|Any CPU
		{DDA30FD0-E343-4EDB-9A31-59B2916EE5CA}.Release|Any CPU.ActiveCfg = Release|Any CPU
		{DDA30FD0-E343-4EDB-9A31-59B2916EE5CA}.Release|Any CPU.Build.0 = Release|Any CPU
	EndGlobalSection
	GlobalSection(SolutionProperties) = preSolution
		HideSolutionNode = FALSE
	EndGlobalSection
EndGlobal
